
Microsoft Visual Studio Solution File, Format Version 12.00
# Visual Studio 15
VisualStudioVersion = 15.0.27004.2010
MinimumVisualStudioVersion = 10.0.40219.1
Project("{FAE04EC0-301F-11D3-BF4B-00C04F79EFBC}") = "1.1", "1.1\1.1.csproj", "{1E8B2E47-688D-422D-AEFA-6B8C2564CAFC}"
EndProject
Project("{FAE04EC0-301F-11D3-BF4B-00C04F79EFBC}") = "1.2", "1.2\1.2.csproj", "{48C635AC-42B1-47FA-A8BD-9FC6FBE82728}"
EndProject
Global
	GlobalSection(SolutionConfigurationPlatforms) = preSolution
		Debug|Any CPU = Debug|Any CPU
		Release|Any CPU = Release|Any CPU
	EndGlobalSection
	GlobalSection(ProjectConfigurationPlatforms) = postSolution
		{1E8B2E47-688D-422D-AEFA-6B8C2564CAFC}.Debug|Any CPU.ActiveCfg = Debug|Any CPU
		{1E8B2E47-688D-422D-AEFA-6B8C2564CAFC}.Debug|Any CPU.Build.0 = Debug|Any CPU
		{1E8B2E47-688D-422D-AEFA-6B8C2564CAFC}.Release|Any CPU.ActiveCfg = Release|Any CPU
		{1E8B2E47-688D-422D-AEFA-6B8C2564CAFC}.Release|Any CPU.Build.0 = Release|Any CPU
		{48C635AC-42B1-47FA-A8BD-9FC6FBE82728}.Debug|Any CPU.ActiveCfg = Debug|Any CPU
		{48C635AC-42B1-47FA-A8BD-9FC6FBE82728}.Debug|Any CPU.Build.0 = Debug|Any CPU
		{48C635AC-42B1-47FA-A8BD-9FC6FBE82728}.Release|Any CPU.ActiveCfg = Release|Any CPU
		{48C635AC-42B1-47FA-A8BD-9FC6FBE82728}.Release|Any CPU.Build.0 = Release|Any CPU
	EndGlobalSection
	GlobalSection(SolutionProperties) = preSolution
		HideSolutionNode = FALSE
	EndGlobalSection
	GlobalSection(ExtensibilityGlobals) = postSolution
		SolutionGuid = {AC2D8C11-EB5F-43E2-9608-AA8270E554D8}
	EndGlobalSection
EndGlobal
